
Microsoft Visual Studio Solution File, Format Version 12.00
# Visual Studio Version 17
VisualStudioVersion = 17.12.35506.116 d17.12
MinimumVisualStudioVersion = 10.0.40219.1
Project("{FAE04EC0-301F-11D3-BF4B-00C04F79EFBC}") = "Client", "Client\Client.csproj", "{CAE1A829-5000-4DB7-8C9D-7B7DEF7486FD}"
EndProject
Project("{FAE04EC0-301F-11D3-BF4B-00C04F79EFBC}") = "Server", "serverexample\Server.csproj", "{51BE5636-0529-4687-B5E4-939117971CCA}"
EndProject
Global
	GlobalSection(SolutionConfigurationPlatforms) = preSolution
		Debug|Any CPU = Debug|Any CPU
		Release|Any CPU = Release|Any CPU
	EndGlobalSection
	GlobalSection(ProjectConfigurationPlatforms) = postSolution
		{CAE1A829-5000-4DB7-8C9D-7B7DEF7486FD}.Debug|Any CPU.ActiveCfg = Debug|Any CPU
		{CAE1A829-5000-4DB7-8C9D-7B7DEF7486FD}.Debug|Any CPU.Build.0 = Debug|Any CPU
		{CAE1A829-5000-4DB7-8C9D-7B7DEF7486FD}.Release|Any CPU.ActiveCfg = Release|Any CPU
		{CAE1A829-5000-4DB7-8C9D-7B7DEF7486FD}.Release|Any CPU.Build.0 = Release|Any CPU
		{51BE5636-0529-4687-B5E4-939117971CCA}.Debug|Any CPU.ActiveCfg = Debug|Any CPU
		{51BE5636-0529-4687-B5E4-939117971CCA}.Debug|Any CPU.Build.0 = Debug|Any CPU
		{51BE5636-0529-4687-B5E4-939117971CCA}.Release|Any CPU.ActiveCfg = Release|Any CPU
		{51BE5636-0529-4687-B5E4-939117971CCA}.Release|Any CPU.Build.0 = Release|Any CPU
	EndGlobalSection
	GlobalSection(SolutionProperties) = preSolution
		HideSolutionNode = FALSE
	EndGlobalSection
EndGlobal
